// !$*UTF8*$!
{
	archiveVersion = 1;
	classes = {
	};
	objectVersion = 56;
	objects = {

/* Begin PBXBuildFile section */
		EC54C8E72C369EA000279C43 /* TicTacToeApp.swift in Sources */ = {isa = PBXBuildFile; fileRef = EC54C8E62C369EA000279C43 /* TicTacToeApp.swift */; };
		EC54C8EB2C369EA200279C43 /* Assets.xcassets in Resources */ = {isa = PBXBuildFile; fileRef = EC54C8EA2C369EA200279C43 /* Assets.xcassets */; };
		EC54C8EE2C369EA200279C43 /* Preview Assets.xcassets in Resources */ = {isa = PBXBuildFile; fileRef = EC54C8ED2C369EA200279C43 /* Preview Assets.xcassets */; };
		EC54C8F82C369EA200279C43 /* TicTacToeTests.swift in Sources */ = {isa = PBXBuildFile; fileRef = EC54C8F72C369EA200279C43 /* TicTacToeTests.swift */; };
		EC54C9022C369EA200279C43 /* TicTacToeUITests.swift in Sources */ = {isa = PBXBuildFile; fileRef = EC54C9012C369EA200279C43 /* TicTacToeUITests.swift */; };
		EC54C9042C369EA200279C43 /* TicTacToeUITestsLaunchTests.swift in Sources */ = {isa = PBXBuildFile; fileRef = EC54C9032C369EA200279C43 /* TicTacToeUITestsLaunchTests.swift */; };
		EC54C9122C369EDA00279C43 /* SocketIO in Frameworks */ = {isa = PBXBuildFile; productRef = EC54C9112C369EDA00279C43 /* SocketIO */; };
		EC54C93C2C36A00D00279C43 /* BoardView.swift in Sources */ = {isa = PBXBuildFile; fileRef = EC54C9332C36A00D00279C43 /* BoardView.swift */; };
		EC54C93D2C36A00D00279C43 /* CircleBoardView.swift in Sources */ = {isa = PBXBuildFile; fileRef = EC54C9342C36A00D00279C43 /* CircleBoardView.swift */; };
		EC54C93E2C36A00D00279C43 /* ContentView.swift in Sources */ = {isa = PBXBuildFile; fileRef = EC54C9352C36A00D00279C43 /* ContentView.swift */; };
		EC54C93F2C36A00D00279C43 /* CrossBoardView.swift in Sources */ = {isa = PBXBuildFile; fileRef = EC54C9362C36A00D00279C43 /* CrossBoardView.swift */; };
		EC54C9402C36A00D00279C43 /* JoinView.swift in Sources */ = {isa = PBXBuildFile; fileRef = EC54C9372C36A00D00279C43 /* JoinView.swift */; };
		EC54C9412C36A00D00279C43 /* OnlineBoardView.swift in Sources */ = {isa = PBXBuildFile; fileRef = EC54C9382C36A00D00279C43 /* OnlineBoardView.swift */; };
		EC54C9422C36A00D00279C43 /* PickView.swift in Sources */ = {isa = PBXBuildFile; fileRef = EC54C9392C36A00D00279C43 /* PickView.swift */; };
		EC54C9432C36A00D00279C43 /* SignInView.swift in Sources */ = {isa = PBXBuildFile; fileRef = EC54C93A2C36A00D00279C43 /* SignInView.swift */; };
		EC54C94B2C36A02200279C43 /* BoardViewViewModel.swift in Sources */ = {isa = PBXBuildFile; fileRef = EC54C9442C36A02200279C43 /* BoardViewViewModel.swift */; };
		EC54C94C2C36A02200279C43 /* GameController.swift in Sources */ = {isa = PBXBuildFile; fileRef = EC54C9452C36A02200279C43 /* GameController.swift */; };
		EC54C94D2C36A02200279C43 /* GameRoom.swift in Sources */ = {isa = PBXBuildFile; fileRef = EC54C9462C36A02200279C43 /* GameRoom.swift */; };
		EC54C94E2C36A02200279C43 /* GameView.swift in Sources */ = {isa = PBXBuildFile; fileRef = EC54C9472C36A02200279C43 /* GameView.swift */; };
		EC54C94F2C36A02200279C43 /* Invite.swift in Sources */ = {isa = PBXBuildFile; fileRef = EC54C9482C36A02200279C43 /* Invite.swift */; };
		EC54C9502C36A02200279C43 /* OnlineGameObject.swift in Sources */ = {isa = PBXBuildFile; fileRef = EC54C9492C36A02200279C43 /* OnlineGameObject.swift */; };
		EC54C9552C36A7EF00279C43 /* GridItem.swift in Sources */ = {isa = PBXBuildFile; fileRef = EC54C9542C36A7EF00279C43 /* GridItem.swift */; };
/* End PBXBuildFile section */

/* Begin PBXContainerItemProxy section */
		EC54C8F42C369EA200279C43 /* PBXContainerItemProxy */ = {
			isa = PBXContainerItemProxy;
			containerPortal = EC54C8DB2C369EA000279C43 /* Project object */;
			proxyType = 1;
			remoteGlobalIDString = EC54C8E22C369EA000279C43;
			remoteInfo = TicTacToe;
		};
		EC54C8FE2C369EA200279C43 /* PBXContainerItemProxy */ = {
			isa = PBXContainerItemProxy;
			containerPortal = EC54C8DB2C369EA000279C43 /* Project object */;
			proxyType = 1;
			remoteGlobalIDString = EC54C8E22C369EA000279C43;
			remoteInfo = TicTacToe;
		};
/* End PBXContainerItemProxy section */

/* Begin PBXFileReference section */
		EC54C8E32C369EA000279C43 /* TicTacToe.app */ = {isa = PBXFileReference; explicitFileType = wrapper.application; includeInIndex = 0; path = TicTacToe.app; sourceTree = BUILT_PRODUCTS_DIR; };
		EC54C8E62C369EA000279C43 /* TicTacToeApp.swift */ = {isa = PBXFileReference; lastKnownFileType = sourcecode.swift; path = TicTacToeApp.swift; sourceTree = "<group>"; };
		EC54C8EA2C369EA200279C43 /* Assets.xcassets */ = {isa = PBXFileReference; lastKnownFileType = folder.assetcatalog; path = Assets.xcassets; sourceTree = "<group>"; };
		EC54C8ED2C369EA200279C43 /* Preview Assets.xcassets */ = {isa = PBXFileReference; lastKnownFileType = folder.assetcatalog; path = "Preview Assets.xcassets"; sourceTree = "<group>"; };
		EC54C8F32C369EA200279C43 /* TicTacToeTests.xctest */ = {isa = PBXFileReference; explicitFileType = wrapper.cfbundle; includeInIndex = 0; path = TicTacToeTests.xctest; sourceTree = BUILT_PRODUCTS_DIR; };
		EC54C8F72C369EA200279C43 /* TicTacToeTests.swift */ = {isa = PBXFileReference; lastKnownFileType = sourcecode.swift; path = TicTacToeTests.swift; sourceTree = "<group>"; };
		EC54C8FD2C369EA200279C43 /* TicTacToeUITests.xctest */ = {isa = PBXFileReference; explicitFileType = wrapper.cfbundle; includeInIndex = 0; path = TicTacToeUITests.xctest; sourceTree = BUILT_PRODUCTS_DIR; };
		EC54C9012C369EA200279C43 /* TicTacToeUITests.swift */ = {isa = PBXFileReference; lastKnownFileType = sourcecode.swift; path = TicTacToeUITests.swift; sourceTree = "<group>"; };
		EC54C9032C369EA200279C43 /* TicTacToeUITestsLaunchTests.swift */ = {isa = PBXFileReference; lastKnownFileType = sourcecode.swift; path = TicTacToeUITestsLaunchTests.swift; sourceTree = "<group>"; };
		EC54C9332C36A00D00279C43 /* BoardView.swift */ = {isa = PBXFileReference; fileEncoding = 4; lastKnownFileType = sourcecode.swift; path = BoardView.swift; sourceTree = "<group>"; };
		EC54C9342C36A00D00279C43 /* CircleBoardView.swift */ = {isa = PBXFileReference; fileEncoding = 4; lastKnownFileType = sourcecode.swift; path = CircleBoardView.swift; sourceTree = "<group>"; };
		EC54C9352C36A00D00279C43 /* ContentView.swift */ = {isa = PBXFileReference; fileEncoding = 4; lastKnownFileType = sourcecode.swift; path = ContentView.swift; sourceTree = "<group>"; };
		EC54C9362C36A00D00279C43 /* CrossBoardView.swift */ = {isa = PBXFileReference; fileEncoding = 4; lastKnownFileType = sourcecode.swift; path = CrossBoardView.swift; sourceTree = "<group>"; };
		EC54C9372C36A00D00279C43 /* JoinView.swift */ = {isa = PBXFileReference; fileEncoding = 4; lastKnownFileType = sourcecode.swift; path = JoinView.swift; sourceTree = "<group>"; };
		EC54C9382C36A00D00279C43 /* OnlineBoardView.swift */ = {isa = PBXFileReference; fileEncoding = 4; lastKnownFileType = sourcecode.swift; path = OnlineBoardView.swift; sourceTree = "<group>"; };
		EC54C9392C36A00D00279C43 /* PickView.swift */ = {isa = PBXFileReference; fileEncoding = 4; lastKnownFileType = sourcecode.swift; path = PickView.swift; sourceTree = "<group>"; };
		EC54C93A2C36A00D00279C43 /* SignInView.swift */ = {isa = PBXFileReference; fileEncoding = 4; lastKnownFileType = sourcecode.swift; path = SignInView.swift; sourceTree = "<group>"; };
		EC54C9442C36A02200279C43 /* BoardViewViewModel.swift */ = {isa = PBXFileReference; fileEncoding = 4; lastKnownFileType = sourcecode.swift; path = BoardViewViewModel.swift; sourceTree = "<group>"; };
		EC54C9452C36A02200279C43 /* GameController.swift */ = {isa = PBXFileReference; fileEncoding = 4; lastKnownFileType = sourcecode.swift; path = GameController.swift; sourceTree = "<group>"; };
		EC54C9462C36A02200279C43 /* GameRoom.swift */ = {isa = PBXFileReference; fileEncoding = 4; lastKnownFileType = sourcecode.swift; path = GameRoom.swift; sourceTree = "<group>"; };
		EC54C9472C36A02200279C43 /* GameView.swift */ = {isa = PBXFileReference; fileEncoding = 4; lastKnownFileType = sourcecode.swift; path = GameView.swift; sourceTree = "<group>"; };
		EC54C9482C36A02200279C43 /* Invite.swift */ = {isa = PBXFileReference; fileEncoding = 4; lastKnownFileType = sourcecode.swift; path = Invite.swift; sourceTree = "<group>"; };
		EC54C9492C36A02200279C43 /* OnlineGameObject.swift */ = {isa = PBXFileReference; fileEncoding = 4; lastKnownFileType = sourcecode.swift; path = OnlineGameObject.swift; sourceTree = "<group>"; };
		EC54C9542C36A7EF00279C43 /* GridItem.swift */ = {isa = PBXFileReference; lastKnownFileType = sourcecode.swift; path = GridItem.swift; sourceTree = "<group>"; };
/* End PBXFileReference section */

/* Begin PBXFrameworksBuildPhase section */
		EC54C8E02C369EA000279C43 /* Frameworks */ = {
			isa = PBXFrameworksBuildPhase;
			buildActionMask = 2147483647;
			files = (
				EC54C9122C369EDA00279C43 /* SocketIO in Frameworks */,
			);
			runOnlyForDeploymentPostprocessing = 0;
		};
		EC54C8F02C369EA200279C43 /* Frameworks */ = {
			isa = PBXFrameworksBuildPhase;
			buildActionMask = 2147483647;
			files = (
			);
			runOnlyForDeploymentPostprocessing = 0;
		};
		EC54C8FA2C369EA200279C43 /* Frameworks */ = {
			isa = PBXFrameworksBuildPhase;
			buildActionMask = 2147483647;
			files = (
			);
			runOnlyForDeploymentPostprocessing = 0;
		};
/* End PBXFrameworksBuildPhase section */

/* Begin PBXGroup section */
		EC54C8DA2C369EA000279C43 = {
			isa = PBXGroup;
			children = (
				EC54C8E52C369EA000279C43 /* TicTacToe */,
				EC54C8F62C369EA200279C43 /* TicTacToeTests */,
				EC54C9002C369EA200279C43 /* TicTacToeUITests */,
				EC54C8E42C369EA000279C43 /* Products */,
			);
			sourceTree = "<group>";
		};
		EC54C8E42C369EA000279C43 /* Products */ = {
			isa = PBXGroup;
			children = (
				EC54C8E32C369EA000279C43 /* TicTacToe.app */,
				EC54C8F32C369EA200279C43 /* TicTacToeTests.xctest */,
				EC54C8FD2C369EA200279C43 /* TicTacToeUITests.xctest */,
			);
			name = Products;
			sourceTree = "<group>";
		};
		EC54C8E52C369EA000279C43 /* TicTacToe */ = {
			isa = PBXGroup;
			children = (
				EC54C94A2C36A02200279C43 /* Logic */,
				EC54C93B2C36A00D00279C43 /* Views */,
				EC54C8E62C369EA000279C43 /* TicTacToeApp.swift */,
				EC54C8EA2C369EA200279C43 /* Assets.xcassets */,
				EC54C8EC2C369EA200279C43 /* Preview Content */,
				EC54C9542C36A7EF00279C43 /* GridItem.swift */,
			);
			path = TicTacToe;
			sourceTree = "<group>";
		};
		EC54C8EC2C369EA200279C43 /* Preview Content */ = {
			isa = PBXGroup;
			children = (
				EC54C8ED2C369EA200279C43 /* Preview Assets.xcassets */,
			);
			path = "Preview Content";
			sourceTree = "<group>";
		};
		EC54C8F62C369EA200279C43 /* TicTacToeTests */ = {
			isa = PBXGroup;
			children = (
				EC54C8F72C369EA200279C43 /* TicTacToeTests.swift */,
			);
			path = TicTacToeTests;
			sourceTree = "<group>";
		};
		EC54C9002C369EA200279C43 /* TicTacToeUITests */ = {
			isa = PBXGroup;
			children = (
				EC54C9012C369EA200279C43 /* TicTacToeUITests.swift */,
				EC54C9032C369EA200279C43 /* TicTacToeUITestsLaunchTests.swift */,
			);
			path = TicTacToeUITests;
			sourceTree = "<group>";
		};
		EC54C93B2C36A00D00279C43 /* Views */ = {
			isa = PBXGroup;
			children = (
				EC54C9332C36A00D00279C43 /* BoardView.swift */,
				EC54C9342C36A00D00279C43 /* CircleBoardView.swift */,
				EC54C9352C36A00D00279C43 /* ContentView.swift */,
				EC54C9362C36A00D00279C43 /* CrossBoardView.swift */,
				EC54C9372C36A00D00279C43 /* JoinView.swift */,
				EC54C9382C36A00D00279C43 /* OnlineBoardView.swift */,
				EC54C9392C36A00D00279C43 /* PickView.swift */,
				EC54C93A2C36A00D00279C43 /* SignInView.swift */,
			);
			path = Views;
			sourceTree = "<group>";
		};
		EC54C94A2C36A02200279C43 /* Logic */ = {
			isa = PBXGroup;
			children = (
				EC54C9442C36A02200279C43 /* BoardViewViewModel.swift */,
				EC54C9452C36A02200279C43 /* GameController.swift */,
				EC54C9462C36A02200279C43 /* GameRoom.swift */,
				EC54C9472C36A02200279C43 /* GameView.swift */,
				EC54C9482C36A02200279C43 /* Invite.swift */,
				EC54C9492C36A02200279C43 /* OnlineGameObject.swift */,
			);
			path = Logic;
			sourceTree = "<group>";
		};
/* End PBXGroup section */

/* Begin PBXNativeTarget section */
		EC54C8E22C369EA000279C43 /* TicTacToe */ = {
			isa = PBXNativeTarget;
			buildConfigurationList = EC54C9072C369EA200279C43 /* Build configuration list for PBXNativeTarget "TicTacToe" */;
			buildPhases = (
				EC54C8DF2C369EA000279C43 /* Sources */,
				EC54C8E02C369EA000279C43 /* Frameworks */,
				EC54C8E12C369EA000279C43 /* Resources */,
			);
			buildRules = (
			);
			dependencies = (
			);
			name = TicTacToe;
			packageProductDependencies = (
				EC54C9112C369EDA00279C43 /* SocketIO */,
			);
			productName = TicTacToe;
			productReference = EC54C8E32C369EA000279C43 /* TicTacToe.app */;
			productType = "com.apple.product-type.application";
		};
		EC54C8F22C369EA200279C43 /* TicTacToeTests */ = {
			isa = PBXNativeTarget;
			buildConfigurationList = EC54C90A2C369EA200279C43 /* Build configuration list for PBXNativeTarget "TicTacToeTests" */;
			buildPhases = (
				EC54C8EF2C369EA200279C43 /* Sources */,
				EC54C8F02C369EA200279C43 /* Frameworks */,
				EC54C8F12C369EA200279C43 /* Resources */,
			);
			buildRules = (
			);
			dependencies = (
				EC54C8F52C369EA200279C43 /* PBXTargetDependency */,
			);
			name = TicTacToeTests;
			productName = TicTacToeTests;
			productReference = EC54C8F32C369EA200279C43 /* TicTacToeTests.xctest */;
			productType = "com.apple.product-type.bundle.unit-test";
		};
		EC54C8FC2C369EA200279C43 /* TicTacToeUITests */ = {
			isa = PBXNativeTarget;
			buildConfigurationList = EC54C90D2C369EA200279C43 /* Build configuration list for PBXNativeTarget "TicTacToeUITests" */;
			buildPhases = (
				EC54C8F92C369EA200279C43 /* Sources */,
				EC54C8FA2C369EA200279C43 /* Frameworks */,
				EC54C8FB2C369EA200279C43 /* Resources */,
			);
			buildRules = (
			);
			dependencies = (
				EC54C8FF2C369EA200279C43 /* PBXTargetDependency */,
			);
			name = TicTacToeUITests;
			productName = TicTacToeUITests;
			productReference = EC54C8FD2C369EA200279C43 /* TicTacToeUITests.xctest */;
			productType = "com.apple.product-type.bundle.ui-testing";
		};
/* End PBXNativeTarget section */

/* Begin PBXProject section */
		EC54C8DB2C369EA000279C43 /* Project object */ = {
			isa = PBXProject;
			attributes = {
				BuildIndependentTargetsInParallel = 1;
				LastSwiftUpdateCheck = 1540;
				LastUpgradeCheck = 1540;
				TargetAttributes = {
					EC54C8E22C369EA000279C43 = {
						CreatedOnToolsVersion = 15.4;
					};
					EC54C8F22C369EA200279C43 = {
						CreatedOnToolsVersion = 15.4;
						TestTargetID = EC54C8E22C369EA000279C43;
					};
					EC54C8FC2C369EA200279C43 = {
						CreatedOnToolsVersion = 15.4;
						TestTargetID = EC54C8E22C369EA000279C43;
					};
				};
			};
			buildConfigurationList = EC54C8DE2C369EA000279C43 /* Build configuration list for PBXProject "TicTacToe" */;
			compatibilityVersion = "Xcode 14.0";
			developmentRegion = en;
			hasScannedForEncodings = 0;
			knownRegions = (
				en,
				Base,
			);
			mainGroup = EC54C8DA2C369EA000279C43;
			packageReferences = (
				EC54C9102C369EDA00279C43 /* XCRemoteSwiftPackageReference "socket" */,
			);
			productRefGroup = EC54C8E42C369EA000279C43 /* Products */;
			projectDirPath = "";
			projectRoot = "";
			targets = (
				EC54C8E22C369EA000279C43 /* TicTacToe */,
				EC54C8F22C369EA200279C43 /* TicTacToeTests */,
				EC54C8FC2C369EA200279C43 /* TicTacToeUITests */,
			);
		};
/* End PBXProject section */

/* Begin PBXResourcesBuildPhase section */
		EC54C8E12C369EA000279C43 /* Resources */ = {
			isa = PBXResourcesBuildPhase;
			buildActionMask = 2147483647;
			files = (
				EC54C8EE2C369EA200279C43 /* Preview Assets.xcassets in Resources */,
				EC54C8EB2C369EA200279C43 /* Assets.xcassets in Resources */,
			);
			runOnlyForDeploymentPostprocessing = 0;
		};
		EC54C8F12C369EA200279C43 /* Resources */ = {
			isa = PBXResourcesBuildPhase;
			buildActionMask = 2147483647;
			files = (
			);
			runOnlyForDeploymentPostprocessing = 0;
		};
		EC54C8FB2C369EA200279C43 /* Resources */ = {
			isa = PBXResourcesBuildPhase;
			buildActionMask = 2147483647;
			files = (
			);
			runOnlyForDeploymentPostprocessing = 0;
		};
/* End PBXResourcesBuildPhase section */

/* Begin PBXSourcesBuildPhase section */
		EC54C8DF2C369EA000279C43 /* Sources */ = {
			isa = PBXSourcesBuildPhase;
			buildActionMask = 2147483647;
			files = (
				EC54C9422C36A00D00279C43 /* PickView.swift in Sources */,
				EC54C94C2C36A02200279C43 /* GameController.swift in Sources */,
				EC54C9412C36A00D00279C43 /* OnlineBoardView.swift in Sources */,
				EC54C93C2C36A00D00279C43 /* BoardView.swift in Sources */,
				EC54C93E2C36A00D00279C43 /* ContentView.swift in Sources */,
				EC54C94D2C36A02200279C43 /* GameRoom.swift in Sources */,
				EC54C94E2C36A02200279C43 /* GameView.swift in Sources */,
				EC54C9502C36A02200279C43 /* OnlineGameObject.swift in Sources */,
				EC54C9432C36A00D00279C43 /* SignInView.swift in Sources */,
				EC54C94B2C36A02200279C43 /* BoardViewViewModel.swift in Sources */,
				EC54C93D2C36A00D00279C43 /* CircleBoardView.swift in Sources */,
				EC54C94F2C36A02200279C43 /* Invite.swift in Sources */,
				EC54C93F2C36A00D00279C43 /* CrossBoardView.swift in Sources */,
				EC54C9402C36A00D00279C43 /* JoinView.swift in Sources */,
				EC54C9552C36A7EF00279C43 /* GridItem.swift in Sources */,
				EC54C8E72C369EA000279C43 /* TicTacToeApp.swift in Sources */,
			);
			runOnlyForDeploymentPostprocessing = 0;
		};
		EC54C8EF2C369EA200279C43 /* Sources */ = {
			isa = PBXSourcesBuildPhase;
			buildActionMask = 2147483647;
			files = (
				EC54C8F82C369EA200279C43 /* TicTacToeTests.swift in Sources */,
			);
			runOnlyForDeploymentPostprocessing = 0;
		};
		EC54C8F92C369EA200279C43 /* Sources */ = {
			isa = PBXSourcesBuildPhase;
			buildActionMask = 2147483647;
			files = (
				EC54C9022C369EA200279C43 /* TicTacToeUITests.swift in Sources */,
				EC54C9042C369EA200279C43 /* TicTacToeUITestsLaunchTests.swift in Sources */,
			);
			runOnlyForDeploymentPostprocessing = 0;
		};
/* End PBXSourcesBuildPhase section */

/* Begin PBXTargetDependency section */
		EC54C8F52C369EA200279C43 /* PBXTargetDependency */ = {
			isa = PBXTargetDependency;
			target = EC54C8E22C369EA000279C43 /* TicTacToe */;
			targetProxy = EC54C8F42C369EA200279C43 /* PBXContainerItemProxy */;
		};
		EC54C8FF2C369EA200279C43 /* PBXTargetDependency */ = {
			isa = PBXTargetDependency;
			target = EC54C8E22C369EA000279C43 /* TicTacToe */;
			targetProxy = EC54C8FE2C369EA200279C43 /* PBXContainerItemProxy */;
		};
/* End PBXTargetDependency section */

/* Begin XCBuildConfiguration section */
		EC54C9052C369EA200279C43 /* Debug */ = {
			isa = XCBuildConfiguration;
			buildSettings = {
				ALWAYS_SEARCH_USER_PATHS = NO;
				ASSETCATALOG_COMPILER_GENERATE_SWIFT_ASSET_SYMBOL_EXTENSIONS = YES;
				CLANG_ANALYZER_NONNULL = YES;
				CLANG_ANALYZER_NUMBER_OBJECT_CONVERSION = YES_AGGRESSIVE;
				CLANG_CXX_LANGUAGE_STANDARD = "gnu++20";
				CLANG_ENABLE_MODULES = YES;
				CLANG_ENABLE_OBJC_ARC = YES;
				CLANG_ENABLE_OBJC_WEAK = YES;
				CLANG_WARN_BLOCK_CAPTURE_AUTORELEASING = YES;
				CLANG_WARN_BOOL_CONVERSION = YES;
				CLANG_WARN_COMMA = YES;
				CLANG_WARN_CONSTANT_CONVERSION = YES;
				CLANG_WARN_DEPRECATED_OBJC_IMPLEMENTATIONS = YES;
				CLANG_WARN_DIRECT_OBJC_ISA_USAGE = YES_ERROR;
				CLANG_WARN_DOCUMENTATION_COMMENTS = YES;
				CLANG_WARN_EMPTY_BODY = YES;
				CLANG_WARN_ENUM_CONVERSION = YES;
				CLANG_WARN_INFINITE_RECURSION = YES;
				CLANG_WARN_INT_CONVERSION = YES;
				CLANG_WARN_NON_LITERAL_NULL_CONVERSION = YES;
				CLANG_WARN_OBJC_IMPLICIT_RETAIN_SELF = YES;
				CLANG_WARN_OBJC_LITERAL_CONVERSION = YES;
				CLANG_WARN_OBJC_ROOT_CLASS = YES_ERROR;
				CLANG_WARN_QUOTED_INCLUDE_IN_FRAMEWORK_HEADER = YES;
				CLANG_WARN_RANGE_LOOP_ANALYSIS = YES;
				CLANG_WARN_STRICT_PROTOTYPES = YES;
				CLANG_WARN_SUSPICIOUS_MOVE = YES;
				CLANG_WARN_UNGUARDED_AVAILABILITY = YES_AGGRESSIVE;
				CLANG_WARN_UNREACHABLE_CODE = YES;
				CLANG_WARN__DUPLICATE_METHOD_MATCH = YES;
				COPY_PHASE_STRIP = NO;
				DEBUG_INFORMATION_FORMAT = dwarf;
				ENABLE_STRICT_OBJC_MSGSEND = YES;
				ENABLE_TESTABILITY = YES;
				ENABLE_USER_SCRIPT_SANDBOXING = YES;
				GCC_C_LANGUAGE_STANDARD = gnu17;
				GCC_DYNAMIC_NO_PIC = NO;
				GCC_NO_COMMON_BLOCKS = YES;
				GCC_OPTIMIZATION_LEVEL = 0;
				GCC_PREPROCESSOR_DEFINITIONS = (
					"DEBUG=1",
					"$(inherited)",
				);
				GCC_WARN_64_TO_32_BIT_CONVERSION = YES;
				GCC_WARN_ABOUT_RETURN_TYPE = YES_ERROR;
				GCC_WARN_UNDECLARED_SELECTOR = YES;
				GCC_WARN_UNINITIALIZED_AUTOS = YES_AGGRESSIVE;
				GCC_WARN_UNUSED_FUNCTION = YES;
				GCC_WARN_UNUSED_VARIABLE = YES;
				IPHONEOS_DEPLOYMENT_TARGET = 17.5;
				LOCALIZATION_PREFERS_STRING_CATALOGS = YES;
				MTL_ENABLE_DEBUG_INFO = INCLUDE_SOURCE;
				MTL_FAST_MATH = YES;
				ONLY_ACTIVE_ARCH = YES;
				SDKROOT = iphoneos;
				SWIFT_ACTIVE_COMPILATION_CONDITIONS = "DEBUG $(inherited)";
				SWIFT_OPTIMIZATION_LEVEL = "-Onone";
			};
			name = Debug;
		};
		EC54C9062C369EA200279C43 /* Release */ = {
			isa = XCBuildConfiguration;
			buildSettings = {
				ALWAYS_SEARCH_USER_PATHS = NO;
				ASSETCATALOG_COMPILER_GENERATE_SWIFT_ASSET_SYMBOL_EXTENSIONS = YES;
				CLANG_ANALYZER_NONNULL = YES;
				CLANG_ANALYZER_NUMBER_OBJECT_CONVERSION = YES_AGGRESSIVE;
				CLANG_CXX_LANGUAGE_STANDARD = "gnu++20";
				CLANG_ENABLE_MODULES = YES;
				CLANG_ENABLE_OBJC_ARC = YES;
				CLANG_ENABLE_OBJC_WEAK = YES;
				CLANG_WARN_BLOCK_CAPTURE_AUTORELEASING = YES;
				CLANG_WARN_BOOL_CONVERSION = YES;
				CLANG_WARN_COMMA = YES;
				CLANG_WARN_CONSTANT_CONVERSION = YES;
				CLANG_WARN_DEPRECATED_OBJC_IMPLEMENTATIONS = YES;
				CLANG_WARN_DIRECT_OBJC_ISA_USAGE = YES_ERROR;
				CLANG_WARN_DOCUMENTATION_COMMENTS = YES;
				CLANG_WARN_EMPTY_BODY = YES;
				CLANG_WARN_ENUM_CONVERSION = YES;
				CLANG_WARN_INFINITE_RECURSION = YES;
				CLANG_WARN_INT_CONVERSION = YES;
				CLANG_WARN_NON_LITERAL_NULL_CONVERSION = YES;
				CLANG_WARN_OBJC_IMPLICIT_RETAIN_SELF = YES;
				CLANG_WARN_OBJC_LITERAL_CONVERSION = YES;
				CLANG_WARN_OBJC_ROOT_CLASS = YES_ERROR;
				CLANG_WARN_QUOTED_INCLUDE_IN_FRAMEWORK_HEADER = YES;
				CLANG_WARN_RANGE_LOOP_ANALYSIS = YES;
				CLANG_WARN_STRICT_PROTOTYPES = YES;
				CLANG_WARN_SUSPICIOUS_MOVE = YES;
				CLANG_WARN_UNGUARDED_AVAILABILITY = YES_AGGRESSIVE;
				CLANG_WARN_UNREACHABLE_CODE = YES;
				CLANG_WARN__DUPLICATE_METHOD_MATCH = YES;
				COPY_PHASE_STRIP = NO;
				DEBUG_INFORMATION_FORMAT = "dwarf-with-dsym";
				ENABLE_NS_ASSERTIONS = NO;
				ENABLE_STRICT_OBJC_MSGSEND = YES;
				ENABLE_USER_SCRIPT_SANDBOXING = YES;
				GCC_C_LANGUAGE_STANDARD = gnu17;
				GCC_NO_COMMON_BLOCKS = YES;
				GCC_WARN_64_TO_32_BIT_CONVERSION = YES;
				GCC_WARN_ABOUT_RETURN_TYPE = YES_ERROR;
				GCC_WARN_UNDECLARED_SELECTOR = YES;
				GCC_WARN_UNINITIALIZED_AUTOS = YES_AGGRESSIVE;
				GCC_WARN_UNUSED_FUNCTION = YES;
				GCC_WARN_UNUSED_VARIABLE = YES;
				IPHONEOS_DEPLOYMENT_TARGET = 17.5;
				LOCALIZATION_PREFERS_STRING_CATALOGS = YES;
				MTL_ENABLE_DEBUG_INFO = NO;
				MTL_FAST_MATH = YES;
				SDKROOT = iphoneos;
				SWIFT_COMPILATION_MODE = wholemodule;
				VALIDATE_PRODUCT = YES;
			};
			name = Release;
		};
		EC54C9082C369EA200279C43 /* Debug */ = {
			isa = XCBuildConfiguration;
			buildSettings = {
				ASSETCATALOG_COMPILER_APPICON_NAME = AppIcon;
				ASSETCATALOG_COMPILER_GLOBAL_ACCENT_COLOR_NAME = AccentColor;
				CODE_SIGN_STYLE = Automatic;
				CURRENT_PROJECT_VERSION = 1;
				DEVELOPMENT_ASSET_PATHS = "\"TicTacToe/Preview Content\"";
				DEVELOPMENT_TEAM = PS2U265K62;
				ENABLE_PREVIEWS = YES;
				GENERATE_INFOPLIST_FILE = YES;
				INFOPLIST_KEY_UIApplicationSceneManifest_Generation = YES;
				INFOPLIST_KEY_UIApplicationSupportsIndirectInputEvents = YES;
				INFOPLIST_KEY_UILaunchScreen_Generation = YES;
				INFOPLIST_KEY_UISupportedInterfaceOrientations_iPad = "UIInterfaceOrientationPortrait UIInterfaceOrientationPortraitUpsideDown UIInterfaceOrientationLandscapeLeft UIInterfaceOrientationLandscapeRight";
				INFOPLIST_KEY_UISupportedInterfaceOrientations_iPhone = "UIInterfaceOrientationPortrait UIInterfaceOrientationLandscapeLeft UIInterfaceOrientationLandscapeRight";
				LD_RUNPATH_SEARCH_PATHS = (
					"$(inherited)",
					"@executable_path/Frameworks",
				);
				MARKETING_VERSION = 1.0;
				PRODUCT_BUNDLE_IDENTIFIER = Eliska.TicTacToe;
				PRODUCT_NAME = "$(TARGET_NAME)";
				SWIFT_EMIT_LOC_STRINGS = YES;
				SWIFT_VERSION = 5.0;
				TARGETED_DEVICE_FAMILY = "1,2";
			};
			name = Debug;
		};
		EC54C9092C369EA200279C43 /* Release */ = {
			isa = XCBuildConfiguration;
			buildSettings = {
				ASSETCATALOG_COMPILER_APPICON_NAME = AppIcon;
				ASSETCATALOG_COMPILER_GLOBAL_ACCENT_COLOR_NAME = AccentColor;
				CODE_SIGN_STYLE = Automatic;
				CURRENT_PROJECT_VERSION = 1;
				DEVELOPMENT_ASSET_PATHS = "\"TicTacToe/Preview Content\"";
				DEVELOPMENT_TEAM = PS2U265K62;
				ENABLE_PREVIEWS = YES;
				GENERATE_INFOPLIST_FILE = YES;
				INFOPLIST_KEY_UIApplicationSceneManifest_Generation = YES;
				INFOPLIST_KEY_UIApplicationSupportsIndirectInputEvents = YES;
				INFOPLIST_KEY_UILaunchScreen_Generation = YES;
				INFOPLIST_KEY_UISupportedInterfaceOrientations_iPad = "UIInterfaceOrientationPortrait UIInterfaceOrientationPortraitUpsideDown UIInterfaceOrientationLandscapeLeft UIInterfaceOrientationLandscapeRight";
				INFOPLIST_KEY_UISupportedInterfaceOrientations_iPhone = "UIInterfaceOrientationPortrait UIInterfaceOrientationLandscapeLeft UIInterfaceOrientationLandscapeRight";
				LD_RUNPATH_SEARCH_PATHS = (
					"$(inherited)",
					"@executable_path/Frameworks",
				);
				MARKETING_VERSION = 1.0;
				PRODUCT_BUNDLE_IDENTIFIER = Eliska.TicTacToe;
				PRODUCT_NAME = "$(TARGET_NAME)";
				SWIFT_EMIT_LOC_STRINGS = YES;
				SWIFT_VERSION = 5.0;
				TARGETED_DEVICE_FAMILY = "1,2";
			};
			name = Release;
		};
		EC54C90B2C369EA200279C43 /* Debug */ = {
			isa = XCBuildConfiguration;
			buildSettings = {
				ALWAYS_EMBED_SWIFT_STANDARD_LIBRARIES = YES;
				BUNDLE_LOADER = "$(TEST_HOST)";
				CODE_SIGN_STYLE = Automatic;
				CURRENT_PROJECT_VERSION = 1;
				DEVELOPMENT_TEAM = PS2U265K62;
				GENERATE_INFOPLIST_FILE = YES;
				IPHONEOS_DEPLOYMENT_TARGET = 17.5;
				MARKETING_VERSION = 1.0;
				PRODUCT_BUNDLE_IDENTIFIER = Eliska.TicTacToeTests;
				PRODUCT_NAME = "$(TARGET_NAME)";
				SWIFT_EMIT_LOC_STRINGS = NO;
				SWIFT_VERSION = 5.0;
				TARGETED_DEVICE_FAMILY = "1,2";
				TEST_HOST = "$(BUILT_PRODUCTS_DIR)/TicTacToe.app/$(BUNDLE_EXECUTABLE_FOLDER_PATH)/TicTacToe";
			};
			name = Debug;
		};
		EC54C90C2C369EA200279C43 /* Release */ = {
			isa = XCBuildConfiguration;
			buildSettings = {
				ALWAYS_EMBED_SWIFT_STANDARD_LIBRARIES = YES;
				BUNDLE_LOADER = "$(TEST_HOST)";
				CODE_SIGN_STYLE = Automatic;
				CURRENT_PROJECT_VERSION = 1;
				DEVELOPMENT_TEAM = PS2U265K62;
				GENERATE_INFOPLIST_FILE = YES;
				IPHONEOS_DEPLOYMENT_TARGET = 17.5;
				MARKETING_VERSION = 1.0;
				PRODUCT_BUNDLE_IDENTIFIER = Eliska.TicTacToeTests;
				PRODUCT_NAME = "$(TARGET_NAME)";
				SWIFT_EMIT_LOC_STRINGS = NO;
				SWIFT_VERSION = 5.0;
				TARGETED_DEVICE_FAMILY = "1,2";
				TEST_HOST = "$(BUILT_PRODUCTS_DIR)/TicTacToe.app/$(BUNDLE_EXECUTABLE_FOLDER_PATH)/TicTacToe";
			};
			name = Release;
		};
		EC54C90E2C369EA200279C43 /* Debug */ = {
			isa = XCBuildConfiguration;
			buildSettings = {
				ALWAYS_EMBED_SWIFT_STANDARD_LIBRARIES = YES;
				CODE_SIGN_STYLE = Automatic;
				CURRENT_PROJECT_VERSION = 1;
				DEVELOPMENT_TEAM = PS2U265K62;
				GENERATE_INFOPLIST_FILE = YES;
				MARKETING_VERSION = 1.0;
				PRODUCT_BUNDLE_IDENTIFIER = Eliska.TicTacToeUITests;
				PRODUCT_NAME = "$(TARGET_NAME)";
				SWIFT_EMIT_LOC_STRINGS = NO;
				SWIFT_VERSION = 5.0;
				TARGETED_DEVICE_FAMILY = "1,2";
				TEST_TARGET_NAME = TicTacToe;
			};
			name = Debug;
		};
		EC54C90F2C369EA200279C43 /* Release */ = {
			isa = XCBuildConfiguration;
			buildSettings = {
				ALWAYS_EMBED_SWIFT_STANDARD_LIBRARIES = YES;
				CODE_SIGN_STYLE = Automatic;
				CURRENT_PROJECT_VERSION = 1;
				DEVELOPMENT_TEAM = PS2U265K62;
				GENERATE_INFOPLIST_FILE = YES;
				MARKETING_VERSION = 1.0;
				PRODUCT_BUNDLE_IDENTIFIER = Eliska.TicTacToeUITests;
				PRODUCT_NAME = "$(TARGET_NAME)";
				SWIFT_EMIT_LOC_STRINGS = NO;
				SWIFT_VERSION = 5.0;
				TARGETED_DEVICE_FAMILY = "1,2";
				TEST_TARGET_NAME = TicTacToe;
			};
			name = Release;
		};
/* End XCBuildConfiguration section */

/* Begin XCConfigurationList section */
		EC54C8DE2C369EA000279C43 /* Build configuration list for PBXProject "TicTacToe" */ = {
			isa = XCConfigurationList;
			buildConfigurations = (
				EC54C9052C369EA200279C43 /* Debug */,
				EC54C9062C369EA200279C43 /* Release */,
			);
			defaultConfigurationIsVisible = 0;
			defaultConfigurationName = Release;
		};
		EC54C9072C369EA200279C43 /* Build configuration list for PBXNativeTarget "TicTacToe" */ = {
			isa = XCConfigurationList;
			buildConfigurations = (
				EC54C9082C369EA200279C43 /* Debug */,
				EC54C9092C369EA200279C43 /* Release */,
			);
			defaultConfigurationIsVisible = 0;
			defaultConfigurationName = Release;
		};
		EC54C90A2C369EA200279C43 /* Build configuration list for PBXNativeTarget "TicTacToeTests" */ = {
			isa = XCConfigurationList;
			buildConfigurations = (
				EC54C90B2C369EA200279C43 /* Debug */,
				EC54C90C2C369EA200279C43 /* Release */,
			);
			defaultConfigurationIsVisible = 0;
			defaultConfigurationName = Release;
		};
		EC54C90D2C369EA200279C43 /* Build configuration list for PBXNativeTarget "TicTacToeUITests" */ = {
			isa = XCConfigurationList;
			buildConfigurations = (
				EC54C90E2C369EA200279C43 /* Debug */,
				EC54C90F2C369EA200279C43 /* Release */,
			);
			defaultConfigurationIsVisible = 0;
			defaultConfigurationName = Release;
		};
/* End XCConfigurationList section */

/* Begin XCRemoteSwiftPackageReference section */
		EC54C9102C369EDA00279C43 /* XCRemoteSwiftPackageReference "socket" */ = {
			isa = XCRemoteSwiftPackageReference;
			repositoryURL = "https://github.com/socketio/socket.io-client-swift";
			requirement = {
				branch = master;
				kind = branch;
			};
		};
/* End XCRemoteSwiftPackageReference section */

/* Begin XCSwiftPackageProductDependency section */
		EC54C9112C369EDA00279C43 /* SocketIO */ = {
			isa = XCSwiftPackageProductDependency;
			package = EC54C9102C369EDA00279C43 /* XCRemoteSwiftPackageReference "socket" */;
			productName = SocketIO;
		};
/* End XCSwiftPackageProductDependency section */
	};
	rootObject = EC54C8DB2C369EA000279C43 /* Project object */;
}
